hash: dbeb9801fd7b41cf4a0666bb1e55c2ed041bf1b424a7ac4ae6152e1bac980495
updated: 2018-01-03T11:28:52.194974352+06:00
imports:
- name: github.com/appscode/go
  version: f08cee5a2aa53a1ab6d30e4ae11e381d1b265f81
  subpackages:
  - context
  - env
  - errors
  - log
  - log/golog
  - net
  - sets
  - term
- name: github.com/appscode/kutil
  version: 3cb214ff259e38b1d287d3005b08242af3ab3afc
  subpackages:
  - tools/certstore
- name: github.com/facebookgo/stack
  version: d9d227395bc3d7a635388c75b2e3b3a750e11888
- name: github.com/fatih/color
  version: 9aae6aaa22315390f03959adca2c4d395b02fcef
- name: github.com/golang/glog
  version: 44145f04b68cf362d9c4df2182967c2275eaefed
- name: github.com/google/uuid
  version: dec09d789f3dba190787f8b4454c7d3c936fed9e
- name: github.com/howeyc/gopass
  version: bf9dde6d0d2c004a008c27aaee91170c786f6db8
- name: github.com/inconshreveable/mousetrap
  version: 76626ae9c91c4f2a10f34cad8ce83ea42c93bb75
- name: github.com/mattn/go-colorable
  version: 3dac7b4f76f6e17fb39b768b89e3783d16e237fe
- name: github.com/mattn/go-isatty
  version: 56b76bdf51f7708750eac80fa38b952bb9f32639
- name: github.com/spf13/afero
  version: ec3a3111d1e1bdff38a61e09d5a5f5e974905611
  subpackages:
  - mem
- name: github.com/spf13/cobra
  version: 7b2c5ac9fc04fc5efafb60700713d4fa609b777b
- name: github.com/spf13/pflag
  version: e57e3eeb33f795204c1ca35f56c44f83227c6e66
- name: golang.org/x/crypto
  version: 81e90905daefcd6fd217b62423c0908922eadb30
  subpackages:
  - ssh/terminal
- name: golang.org/x/sys
  version: 95c6576299259db960f6c5b9b69ea52422860fce
  subpackages:
  - unix
  - windows
- name: golang.org/x/text
  version: 470f45bf29f4147d6fbd7dfd0a02a848e49f5bf4
  subpackages:
  - transform
  - unicode/norm
- name: k8s.io/client-go
  version: 78700dec6369ba22221b72770783300f143df150
  subpackages:
  - util/cert
  - util/homedir
testImports: []
